
Microsoft Visual Studio Solution File, Format Version 12.00
# Visual Studio Version 16
VisualStudioVersion = 16.0.34601.136
MinimumVisualStudioVersion = 10.0.40219.1
Project("{FAE04EC0-301F-11D3-BF4B-00C04F79EFBC}") = "Proyect_final", "Proyect_final\Proyect_final.csproj", "{DDFCD2FC-A532-4363-A640-C8CF2210696E}"
EndProject
Global
	GlobalSection(SolutionConfigurationPlatforms) = preSolution
		Debug|Any CPU = Debug|Any CPU
		Release|Any CPU = Release|Any CPU
	EndGlobalSection
	GlobalSection(ProjectConfigurationPlatforms) = postSolution
		{DDFCD2FC-A532-4363-A640-C8CF2210696E}.Debug|Any CPU.ActiveCfg = Debug|Any CPU
		{DDFCD2FC-A532-4363-A640-C8CF2210696E}.Debug|Any CPU.Build.0 = Debug|Any CPU
		{DDFCD2FC-A532-4363-A640-C8CF2210696E}.Release|Any CPU.ActiveCfg = Release|Any CPU
		{DDFCD2FC-A532-4363-A640-C8CF2210696E}.Release|Any CPU.Build.0 = Release|Any CPU
	EndGlobalSection
	GlobalSection(SolutionProperties) = preSolution
		HideSolutionNode = FALSE
	EndGlobalSection
	GlobalSection(ExtensibilityGlobals) = postSolution
		SolutionGuid = {4B669B25-6F62-469C-80F8-8690B7756F41}
	EndGlobalSection
EndGlobal
